
Microsoft Visual Studio Solution File, Format Version 12.00
# Visual Studio Version 17
VisualStudioVersion = 17.13.35919.96 d17.13
MinimumVisualStudioVersion = 10.0.40219.1
Project("{FAE04EC0-301F-11D3-BF4B-00C04F79EFBC}") = "WebAPI", "WebAPI\WebAPI.csproj", "{BA01396A-A03E-474E-B54C-DE2056D36460}"
EndProject
Global
	GlobalSection(SolutionConfigurationPlatforms) = preSolution
		Debug|Any CPU = Debug|Any CPU
		Release|Any CPU = Release|Any CPU
	EndGlobalSection
	GlobalSection(ProjectConfigurationPlatforms) = postSolution
		{BA01396A-A03E-474E-B54C-DE2056D36460}.Debug|Any CPU.ActiveCfg = Debug|Any CPU
		{BA01396A-A03E-474E-B54C-DE2056D36460}.Debug|Any CPU.Build.0 = Debug|Any CPU
		{BA01396A-A03E-474E-B54C-DE2056D36460}.Release|Any CPU.ActiveCfg = Release|Any CPU
		{BA01396A-A03E-474E-B54C-DE2056D36460}.Release|Any CPU.Build.0 = Release|Any CPU
	EndGlobalSection
	GlobalSection(SolutionProperties) = preSolution
		HideSolutionNode = FALSE
	EndGlobalSection
	GlobalSection(ExtensibilityGlobals) = postSolution
		SolutionGuid = {AA03EAFF-DA3C-402F-98ED-49C9ECD2393E}
	EndGlobalSection
EndGlobal
